
Microsoft Visual Studio Solution File, Format Version 12.00
# Visual Studio Version 17
VisualStudioVersion = 17.4.33205.214
MinimumVisualStudioVersion = 10.0.40219.1
Project("{FAE04EC0-301F-11D3-BF4B-00C04F79EFBC}") = "TestApp", "TestApp\TestApp.csproj", "{BCF5260E-AF88-4A76-9C88-33A14A97FBC8}"
EndProject
Global
	GlobalSection(SolutionConfigurationPlatforms) = preSolution
		Debug|Any CPU = Debug|Any CPU
		Release|Any CPU = Release|Any CPU
	EndGlobalSection
	GlobalSection(ProjectConfigurationPlatforms) = postSolution
		{BCF5260E-AF88-4A76-9C88-33A14A97FBC8}.Debug|Any CPU.ActiveCfg = Debug|Any CPU
		{BCF5260E-AF88-4A76-9C88-33A14A97FBC8}.Debug|Any CPU.Build.0 = Debug|Any CPU
		{BCF5260E-AF88-4A76-9C88-33A14A97FBC8}.Release|Any CPU.ActiveCfg = Release|Any CPU
		{BCF5260E-AF88-4A76-9C88-33A14A97FBC8}.Release|Any CPU.Build.0 = Release|Any CPU
	EndGlobalSection
	GlobalSection(SolutionProperties) = preSolution
		HideSolutionNode = FALSE
	EndGlobalSection
	GlobalSection(ExtensibilityGlobals) = postSolution
		SolutionGuid = {C85A1F53-3DEF-4CF7-9E13-637EDA507393}
	EndGlobalSection
EndGlobal
